
Microsoft Visual Studio Solution File, Format Version 12.00
# Visual Studio Version 17
VisualStudioVersion = 17.3.32929.385
MinimumVisualStudioVersion = 10.0.40219.1
Project("{9A19103F-16F7-4668-BE54-9A1E7A4F7556}") = "Bot", "src\Bot\Bot.csproj", "{C21F6A5D-0190-4AFC-A462-C3C1CC6BCD5A}"
EndProject
Project("{9A19103F-16F7-4668-BE54-9A1E7A4F7556}") = "Bot.Tests", "tests\Bot.Tests\Bot.Tests.csproj", "{4D76FC03-E4FB-429B-8360-46E50A9763EE}"
EndProject
Global
	GlobalSection(SolutionConfigurationPlatforms) = preSolution
		Debug|Any CPU = Debug|Any CPU
		Release|Any CPU = Release|Any CPU
	EndGlobalSection
	GlobalSection(ProjectConfigurationPlatforms) = postSolution
		{C21F6A5D-0190-4AFC-A462-C3C1CC6BCD5A}.Debug|Any CPU.ActiveCfg = Debug|Any CPU
		{C21F6A5D-0190-4AFC-A462-C3C1CC6BCD5A}.Debug|Any CPU.Build.0 = Debug|Any CPU
		{C21F6A5D-0190-4AFC-A462-C3C1CC6BCD5A}.Release|Any CPU.ActiveCfg = Release|Any CPU
		{C21F6A5D-0190-4AFC-A462-C3C1CC6BCD5A}.Release|Any CPU.Build.0 = Release|Any CPU
		{4D76FC03-E4FB-429B-8360-46E50A9763EE}.Debug|Any CPU.ActiveCfg = Debug|Any CPU
		{4D76FC03-E4FB-429B-8360-46E50A9763EE}.Debug|Any CPU.Build.0 = Debug|Any CPU
		{4D76FC03-E4FB-429B-8360-46E50A9763EE}.Release|Any CPU.ActiveCfg = Release|Any CPU
		{4D76FC03-E4FB-429B-8360-46E50A9763EE}.Release|Any CPU.Build.0 = Release|Any CPU
	EndGlobalSection
	GlobalSection(SolutionProperties) = preSolution
		HideSolutionNode = FALSE
	EndGlobalSection
	GlobalSection(ExtensibilityGlobals) = postSolution
		SolutionGuid = {AEBA3520-D76A-4CDB-A08E-E115EDBDA32B}
	EndGlobalSection
EndGlobal
